
Microsoft Visual Studio Solution File, Format Version 12.00
# Visual Studio Version 17
VisualStudioVersion = 17.3.32929.385
MinimumVisualStudioVersion = 10.0.40219.1
Project("{FAE04EC0-301F-11D3-BF4B-00C04F79EFBC}") = "Adam-Asmaca-Oyunu", "Adam-Asmaca-Oyunu\Adam-Asmaca-Oyunu.csproj", "{A0E5299C-176C-467B-B4E4-94F6DCD3779E}"
EndProject
Global
	GlobalSection(SolutionConfigurationPlatforms) = preSolution
		Debug|Any CPU = Debug|Any CPU
		Release|Any CPU = Release|Any CPU
	EndGlobalSection
	GlobalSection(ProjectConfigurationPlatforms) = postSolution
		{A0E5299C-176C-467B-B4E4-94F6DCD3779E}.Debug|Any CPU.ActiveCfg = Debug|Any CPU
		{A0E5299C-176C-467B-B4E4-94F6DCD3779E}.Debug|Any CPU.Build.0 = Debug|Any CPU
		{A0E5299C-176C-467B-B4E4-94F6DCD3779E}.Release|Any CPU.ActiveCfg = Release|Any CPU
		{A0E5299C-176C-467B-B4E4-94F6DCD3779E}.Release|Any CPU.Build.0 = Release|Any CPU
	EndGlobalSection
	GlobalSection(SolutionProperties) = preSolution
		HideSolutionNode = FALSE
	EndGlobalSection
	GlobalSection(ExtensibilityGlobals) = postSolution
		SolutionGuid = {D649C20F-4AE0-432F-8233-84A07DDBB95D}
	EndGlobalSection
EndGlobal
